// !$*UTF8*$!
{
	archiveVersion = 1;
	classes = {
	};
	objectVersion = 50;
	objects = {

/* Begin PBXBuildFile section */
		5F1EA27E223E772700BFCF7E /* AppDelegate.swift in Sources */ = {isa = PBXBuildFile; fileRef = 5F1EA27D223E772700BFCF7E /* AppDelegate.swift */; };
		5F1EA283223E772700BFCF7E /* Main.storyboard in Resources */ = {isa = PBXBuildFile; fileRef = 5F1EA281223E772700BFCF7E /* Main.storyboard */; };
		5F1EA286223E772700BFCF7E /* RNNR.xcdatamodeld in Sources */ = {isa = PBXBuildFile; fileRef = 5F1EA284223E772700BFCF7E /* RNNR.xcdatamodeld */; };
		5F1EA288223E772800BFCF7E /* Assets.xcassets in Resources */ = {isa = PBXBuildFile; fileRef = 5F1EA287223E772800BFCF7E /* Assets.xcassets */; };
		5F1EA28B223E772800BFCF7E /* LaunchScreen.storyboard in Resources */ = {isa = PBXBuildFile; fileRef = 5F1EA289223E772800BFCF7E /* LaunchScreen.storyboard */; };
		5F1EA294223E78CF00BFCF7E /* CoreDataStack.swift in Sources */ = {isa = PBXBuildFile; fileRef = 5F1EA293223E78CF00BFCF7E /* CoreDataStack.swift */; };
		5F1EA297223E7C6000BFCF7E /* RunDetailsViewController.swift in Sources */ = {isa = PBXBuildFile; fileRef = 5F1EA296223E7C6000BFCF7E /* RunDetailsViewController.swift */; };
		5F1EA299223E7CBD00BFCF7E /* NewRunViewController.swift in Sources */ = {isa = PBXBuildFile; fileRef = 5F1EA298223E7CBD00BFCF7E /* NewRunViewController.swift */; };
		5F1EA29B223E821200BFCF7E /* MainViewController.swift in Sources */ = {isa = PBXBuildFile; fileRef = 5F1EA29A223E821200BFCF7E /* MainViewController.swift */; };
		5F3DB5232266420300A39F4F /* UnitExtensions.swift in Sources */ = {isa = PBXBuildFile; fileRef = 5F3DB5222266420300A39F4F /* UnitExtensions.swift */; };
		5F3DB525226642C400A39F4F /* DisplayFormat.swift in Sources */ = {isa = PBXBuildFile; fileRef = 5F3DB524226642C400A39F4F /* DisplayFormat.swift */; };
		5F3DB527226642F900A39F4F /* LocationManager.swift in Sources */ = {isa = PBXBuildFile; fileRef = 5F3DB526226642F900A39F4F /* LocationManager.swift */; };
		5F3DB529226647AE00A39F4F /* MulticolorPolyline.swift in Sources */ = {isa = PBXBuildFile; fileRef = 5F3DB528226647AE00A39F4F /* MulticolorPolyline.swift */; };
		5F5282962265E4910056012E /* StoryboardSupport.swift in Sources */ = {isa = PBXBuildFile; fileRef = 5F5282952265E4910056012E /* StoryboardSupport.swift */; };
/* End PBXBuildFile section */

/* Begin PBXFileReference section */
		5F1EA27A223E772700BFCF7E /* RNNR.app */ = {isa = PBXFileReference; explicitFileType = wrapper.application; includeInIndex = 0; path = RNNR.app; sourceTree = BUILT_PRODUCTS_DIR; };
		5F1EA27D223E772700BFCF7E /* AppDelegate.swift */ = {isa = PBXFileReference; lastKnownFileType = sourcecode.swift; path = AppDelegate.swift; sourceTree = "<group>"; };
		5F1EA282223E772700BFCF7E /* Base */ = {isa = PBXFileReference; lastKnownFileType = file.storyboard; name = Base; path = Base.lproj/Main.storyboard; sourceTree = "<group>"; };
		5F1EA285223E772700BFCF7E /* RNNR.xcdatamodel */ = {isa = PBXFileReference; lastKnownFileType = wrapper.xcdatamodel; path = RNNR.xcdatamodel; sourceTree = "<group>"; };
		5F1EA287223E772800BFCF7E /* Assets.xcassets */ = {isa = PBXFileReference; lastKnownFileType = folder.assetcatalog; path = Assets.xcassets; sourceTree = "<group>"; };
		5F1EA28A223E772800BFCF7E /* Base */ = {isa = PBXFileReference; lastKnownFileType = file.storyboard; name = Base; path = Base.lproj/LaunchScreen.storyboard; sourceTree = "<group>"; };
		5F1EA28C223E772800BFCF7E /* Info.plist */ = {isa = PBXFileReference; lastKnownFileType = text.plist.xml; path = Info.plist; sourceTree = "<group>"; };
		5F1EA293223E78CF00BFCF7E /* CoreDataStack.swift */ = {isa = PBXFileReference; lastKnownFileType = sourcecode.swift; path = CoreDataStack.swift; sourceTree = "<group>"; };
		5F1EA296223E7C6000BFCF7E /* RunDetailsViewController.swift */ = {isa = PBXFileReference; lastKnownFileType = sourcecode.swift; path = RunDetailsViewController.swift; sourceTree = "<group>"; };
		5F1EA298223E7CBD00BFCF7E /* NewRunViewController.swift */ = {isa = PBXFileReference; lastKnownFileType = sourcecode.swift; path = NewRunViewController.swift; sourceTree = "<group>"; };
		5F1EA29A223E821200BFCF7E /* MainViewController.swift */ = {isa = PBXFileReference; lastKnownFileType = sourcecode.swift; path = MainViewController.swift; sourceTree = "<group>"; };
		5F3DB5222266420300A39F4F /* UnitExtensions.swift */ = {isa = PBXFileReference; lastKnownFileType = sourcecode.swift; name = UnitExtensions.swift; path = RNNR/Support/UnitExtensions.swift; sourceTree = SOURCE_ROOT; };
		5F3DB524226642C400A39F4F /* DisplayFormat.swift */ = {isa = PBXFileReference; lastKnownFileType = sourcecode.swift; path = DisplayFormat.swift; sourceTree = "<group>"; };
		5F3DB526226642F900A39F4F /* LocationManager.swift */ = {isa = PBXFileReference; lastKnownFileType = sourcecode.swift; path = LocationManager.swift; sourceTree = "<group>"; };
		5F3DB528226647AE00A39F4F /* MulticolorPolyline.swift */ = {isa = PBXFileReference; lastKnownFileType = sourcecode.swift; path = MulticolorPolyline.swift; sourceTree = "<group>"; };
		5F5282952265E4910056012E /* StoryboardSupport.swift */ = {isa = PBXFileReference; lastKnownFileType = sourcecode.swift; path = StoryboardSupport.swift; sourceTree = "<group>"; };
/* End PBXFileReference section */

/* Begin PBXFrameworksBuildPhase section */
		5F1EA277223E772700BFCF7E /* Frameworks */ = {
			isa = PBXFrameworksBuildPhase;
			buildActionMask = 2147483647;
			files = (
			);
			runOnlyForDeploymentPostprocessing = 0;
		};
/* End PBXFrameworksBuildPhase section */

/* Begin PBXGroup section */
		5F1EA271223E772700BFCF7E = {
			isa = PBXGroup;
			children = (
				5F1EA27C223E772700BFCF7E /* RNNR */,
				5F1EA27B223E772700BFCF7E /* Products */,
				5F5282922265E2FB0056012E /* Frameworks */,
			);
			sourceTree = "<group>";
		};
		5F1EA27B223E772700BFCF7E /* Products */ = {
			isa = PBXGroup;
			children = (
				5F1EA27A223E772700BFCF7E /* RNNR.app */,
			);
			name = Products;
			sourceTree = "<group>";
		};
		5F1EA27C223E772700BFCF7E /* RNNR */ = {
			isa = PBXGroup;
			children = (
				5F524D6E226650CC00C2FDA6 /* Support */,
				5F1EA27D223E772700BFCF7E /* AppDelegate.swift */,
				5F1EA28C223E772800BFCF7E /* Info.plist */,
				5F1EA295223E7AD200BFCF7E /* VC */,
				5F1EA292223E789B00BFCF7E /* CoreData */,
				5F5282912265E2A90056012E /* Storyboards & Assets */,
			);
			path = RNNR;
			sourceTree = "<group>";
		};
		5F1EA292223E789B00BFCF7E /* CoreData */ = {
			isa = PBXGroup;
			children = (
				5F1EA293223E78CF00BFCF7E /* CoreDataStack.swift */,
				5F1EA284223E772700BFCF7E /* RNNR.xcdatamodeld */,
			);
			path = CoreData;
			sourceTree = "<group>";
		};
		5F1EA295223E7AD200BFCF7E /* VC */ = {
			isa = PBXGroup;
			children = (
				5F1EA296223E7C6000BFCF7E /* RunDetailsViewController.swift */,
				5F1EA298223E7CBD00BFCF7E /* NewRunViewController.swift */,
				5F1EA29A223E821200BFCF7E /* MainViewController.swift */,
			);
			path = VC;
			sourceTree = "<group>";
		};
		5F524D6E226650CC00C2FDA6 /* Support */ = {
			isa = PBXGroup;
			children = (
				5F3DB526226642F900A39F4F /* LocationManager.swift */,
				5F3DB524226642C400A39F4F /* DisplayFormat.swift */,
				5F3DB5222266420300A39F4F /* UnitExtensions.swift */,
				5F3DB528226647AE00A39F4F /* MulticolorPolyline.swift */,
				5F5282952265E4910056012E /* StoryboardSupport.swift */,
			);
			path = Support;
			sourceTree = "<group>";
		};
		5F5282912265E2A90056012E /* Storyboards & Assets */ = {
			isa = PBXGroup;
			children = (
				5F1EA281223E772700BFCF7E /* Main.storyboard */,
				5F1EA287223E772800BFCF7E /* Assets.xcassets */,
				5F1EA289223E772800BFCF7E /* LaunchScreen.storyboard */,
			);
			path = "Storyboards & Assets";
			sourceTree = "<group>";
		};
		5F5282922265E2FB0056012E /* Frameworks */ = {
			isa = PBXGroup;
			children = (
			);
			name = Frameworks;
			sourceTree = "<group>";
		};
/* End PBXGroup section */

/* Begin PBXNativeTarget section */
		5F1EA279223E772700BFCF7E /* RNNR */ = {
			isa = PBXNativeTarget;
			buildConfigurationList = 5F1EA28F223E772800BFCF7E /* Build configuration list for PBXNativeTarget "RNNR" */;
			buildPhases = (
				5F1EA276223E772700BFCF7E /* Sources */,
				5F1EA277223E772700BFCF7E /* Frameworks */,
				5F1EA278223E772700BFCF7E /* Resources */,
			);
			buildRules = (
			);
			dependencies = (
			);
			name = RNNR;
			productName = RNNR;
			productReference = 5F1EA27A223E772700BFCF7E /* RNNR.app */;
			productType = "com.apple.product-type.application";
		};
/* End PBXNativeTarget section */

/* Begin PBXProject section */
		5F1EA272223E772700BFCF7E /* Project object */ = {
			isa = PBXProject;
			attributes = {
				LastSwiftUpdateCheck = 1010;
				LastUpgradeCheck = 1010;
				ORGANIZATIONNAME = "Alex Kagarov";
				TargetAttributes = {
					5F1EA279223E772700BFCF7E = {
						CreatedOnToolsVersion = 10.1;
						SystemCapabilities = {
							com.apple.BackgroundModes = {
								enabled = 1;
							};
							com.apple.Maps.iOS = {
								enabled = 0;
							};
						};
					};
				};
			};
			buildConfigurationList = 5F1EA275223E772700BFCF7E /* Build configuration list for PBXProject "RNNR" */;
			compatibilityVersion = "Xcode 9.3";
			developmentRegion = en;
			hasScannedForEncodings = 0;
			knownRegions = (
				en,
				Base,
			);
			mainGroup = 5F1EA271223E772700BFCF7E;
			productRefGroup = 5F1EA27B223E772700BFCF7E /* Products */;
			projectDirPath = "";
			projectRoot = "";
			targets = (
				5F1EA279223E772700BFCF7E /* RNNR */,
			);
		};
/* End PBXProject section */

/* Begin PBXResourcesBuildPhase section */
		5F1EA278223E772700BFCF7E /* Resources */ = {
			isa = PBXResourcesBuildPhase;
			buildActionMask = 2147483647;
			files = (
				5F1EA28B223E772800BFCF7E /* LaunchScreen.storyboard in Resources */,
				5F1EA288223E772800BFCF7E /* Assets.xcassets in Resources */,
				5F1EA283223E772700BFCF7E /* Main.storyboard in Resources */,
			);
			runOnlyForDeploymentPostprocessing = 0;
		};
/* End PBXResourcesBuildPhase section */

/* Begin PBXSourcesBuildPhase section */
		5F1EA276223E772700BFCF7E /* Sources */ = {
			isa = PBXSourcesBuildPhase;
			buildActionMask = 2147483647;
			files = (
				5F1EA29B223E821200BFCF7E /* MainViewController.swift in Sources */,
				5F1EA297223E7C6000BFCF7E /* RunDetailsViewController.swift in Sources */,
				5F1EA299223E7CBD00BFCF7E /* NewRunViewController.swift in Sources */,
				5F1EA27E223E772700BFCF7E /* AppDelegate.swift in Sources */,
				5F1EA286223E772700BFCF7E /* RNNR.xcdatamodeld in Sources */,
				5F3DB529226647AE00A39F4F /* MulticolorPolyline.swift in Sources */,
				5F1EA294223E78CF00BFCF7E /* CoreDataStack.swift in Sources */,
				5F3DB527226642F900A39F4F /* LocationManager.swift in Sources */,
				5F5282962265E4910056012E /* StoryboardSupport.swift in Sources */,
				5F3DB5232266420300A39F4F /* UnitExtensions.swift in Sources */,
				5F3DB525226642C400A39F4F /* DisplayFormat.swift in Sources */,
			);
			runOnlyForDeploymentPostprocessing = 0;
		};
/* End PBXSourcesBuildPhase section */

/* Begin PBXVariantGroup section */
		5F1EA281223E772700BFCF7E /* Main.storyboard */ = {
			isa = PBXVariantGroup;
			children = (
				5F1EA282223E772700BFCF7E /* Base */,
			);
			name = Main.storyboard;
			sourceTree = "<group>";
		};
		5F1EA289223E772800BFCF7E /* LaunchScreen.storyboard */ = {
			isa = PBXVariantGroup;
			children = (
				5F1EA28A223E772800BFCF7E /* Base */,
			);
			name = LaunchScreen.storyboard;
			sourceTree = "<group>";
		};
/* End PBXVariantGroup section */

/* Begin XCBuildConfiguration section */
		5F1EA28D223E772800BFCF7E /* Debug */ = {
			isa = XCBuildConfiguration;
			buildSettings = {
				ALWAYS_SEARCH_USER_PATHS = NO;
				CLANG_ANALYZER_NONNULL = YES;
				CLANG_ANALYZER_NUMBER_OBJECT_CONVERSION = YES_AGGRESSIVE;
				CLANG_CXX_LANGUAGE_STANDARD = "gnu++14";
				CLANG_CXX_LIBRARY = "libc++";
				CLANG_ENABLE_MODULES = YES;
				CLANG_ENABLE_OBJC_ARC = YES;
				CLANG_ENABLE_OBJC_WEAK = YES;
				CLANG_WARN_BLOCK_CAPTURE_AUTORELEASING = YES;
				CLANG_WARN_BOOL_CONVERSION = YES;
				CLANG_WARN_COMMA = YES;
				CLANG_WARN_CONSTANT_CONVERSION = YES;
				CLANG_WARN_DEPRECATED_OBJC_IMPLEMENTATIONS = YES;
				CLANG_WARN_DIRECT_OBJC_ISA_USAGE = YES_ERROR;
				CLANG_WARN_DOCUMENTATION_COMMENTS = YES;
				CLANG_WARN_EMPTY_BODY = YES;
				CLANG_WARN_ENUM_CONVERSION = YES;
				CLANG_WARN_INFINITE_RECURSION = YES;
				CLANG_WARN_INT_CONVERSION = YES;
				CLANG_WARN_NON_LITERAL_NULL_CONVERSION = YES;
				CLANG_WARN_OBJC_IMPLICIT_RETAIN_SELF = YES;
				CLANG_WARN_OBJC_LITERAL_CONVERSION = YES;
				CLANG_WARN_OBJC_ROOT_CLASS = YES_ERROR;
				CLANG_WARN_RANGE_LOOP_ANALYSIS = YES;
				CLANG_WARN_STRICT_PROTOTYPES = YES;
				CLANG_WARN_SUSPICIOUS_MOVE = YES;
				CLANG_WARN_UNGUARDED_AVAILABILITY = YES_AGGRESSIVE;
				CLANG_WARN_UNREACHABLE_CODE = YES;
				CLANG_WARN__DUPLICATE_METHOD_MATCH = YES;
				CODE_SIGN_IDENTITY = "iPhone Developer";
				COPY_PHASE_STRIP = NO;
				DEBUG_INFORMATION_FORMAT = dwarf;
				ENABLE_STRICT_OBJC_MSGSEND = YES;
				ENABLE_TESTABILITY = YES;
				GCC_C_LANGUAGE_STANDARD = gnu11;
				GCC_DYNAMIC_NO_PIC = NO;
				GCC_NO_COMMON_BLOCKS = YES;
				GCC_OPTIMIZATION_LEVEL = 0;
				GCC_PREPROCESSOR_DEFINITIONS = (
					"DEBUG=1",
					"$(inherited)",
				);
				GCC_WARN_64_TO_32_BIT_CONVERSION = YES;
				GCC_WARN_ABOUT_RETURN_TYPE = YES_ERROR;
				GCC_WARN_UNDECLARED_SELECTOR = YES;
				GCC_WARN_UNINITIALIZED_AUTOS = YES_AGGRESSIVE;
				GCC_WARN_UNUSED_FUNCTION = YES;
				GCC_WARN_UNUSED_VARIABLE = YES;
				IPHONEOS_DEPLOYMENT_TARGET = 12.1;
				MTL_ENABLE_DEBUG_INFO = INCLUDE_SOURCE;
				MTL_FAST_MATH = YES;
				ONLY_ACTIVE_ARCH = YES;
				SDKROOT = iphoneos;
				SWIFT_ACTIVE_COMPILATION_CONDITIONS = DEBUG;
				SWIFT_OPTIMIZATION_LEVEL = "-Onone";
			};
			name = Debug;
		};
		5F1EA28E223E772800BFCF7E /* Release */ = {
			isa = XCBuildConfiguration;
			buildSettings = {
				ALWAYS_SEARCH_USER_PATHS = NO;
				CLANG_ANALYZER_NONNULL = YES;
				CLANG_ANALYZER_NUMBER_OBJECT_CONVERSION = YES_AGGRESSIVE;
				CLANG_CXX_LANGUAGE_STANDARD = "gnu++14";
				CLANG_CXX_LIBRARY = "libc++";
				CLANG_ENABLE_MODULES = YES;
				CLANG_ENABLE_OBJC_ARC = YES;
				CLANG_ENABLE_OBJC_WEAK = YES;
				CLANG_WARN_BLOCK_CAPTURE_AUTORELEASING = YES;
				CLANG_WARN_BOOL_CONVERSION = YES;
				CLANG_WARN_COMMA = YES;
				CLANG_WARN_CONSTANT_CONVERSION = YES;
				CLANG_WARN_DEPRECATED_OBJC_IMPLEMENTATIONS = YES;
				CLANG_WARN_DIRECT_OBJC_ISA_USAGE = YES_ERROR;
				CLANG_WARN_DOCUMENTATION_COMMENTS = YES;
				CLANG_WARN_EMPTY_BODY = YES;
				CLANG_WARN_ENUM_CONVERSION = YES;
				CLANG_WARN_INFINITE_RECURSION = YES;
				CLANG_WARN_INT_CONVERSION = YES;
				CLANG_WARN_NON_LITERAL_NULL_CONVERSION = YES;
				CLANG_WARN_OBJC_IMPLICIT_RETAIN_SELF = YES;
				CLANG_WARN_OBJC_LITERAL_CONVERSION = YES;
				CLANG_WARN_OBJC_ROOT_CLASS = YES_ERROR;
				CLANG_WARN_RANGE_LOOP_ANALYSIS = YES;
				CLANG_WARN_STRICT_PROTOTYPES = YES;
				CLANG_WARN_SUSPICIOUS_MOVE = YES;
				CLANG_WARN_UNGUARDED_AVAILABILITY = YES_AGGRESSIVE;
				CLANG_WARN_UNREACHABLE_CODE = YES;
				CLANG_WARN__DUPLICATE_METHOD_MATCH = YES;
				CODE_SIGN_IDENTITY = "iPhone Developer";
				COPY_PHASE_STRIP = NO;
				DEBUG_INFORMATION_FORMAT = "dwarf-with-dsym";
				ENABLE_NS_ASSERTIONS = NO;
				ENABLE_STRICT_OBJC_MSGSEND = YES;
				GCC_C_LANGUAGE_STANDARD = gnu11;
				GCC_NO_COMMON_BLOCKS = YES;
				GCC_WARN_64_TO_32_BIT_CONVERSION = YES;
				GCC_WARN_ABOUT_RETURN_TYPE = YES_ERROR;
				GCC_WARN_UNDECLARED_SELECTOR = YES;
				GCC_WARN_UNINITIALIZED_AUTOS = YES_AGGRESSIVE;
				GCC_WARN_UNUSED_FUNCTION = YES;
				GCC_WARN_UNUSED_VARIABLE = YES;
				IPHONEOS_DEPLOYMENT_TARGET = 12.1;
				MTL_ENABLE_DEBUG_INFO = NO;
				MTL_FAST_MATH = YES;
				SDKROOT = iphoneos;
				SWIFT_COMPILATION_MODE = wholemodule;
				SWIFT_OPTIMIZATION_LEVEL = "-O";
				VALIDATE_PRODUCT = YES;
			};
			name = Release;
		};
		5F1EA290223E772800BFCF7E /* Debug */ = {
			isa = XCBuildConfiguration;
			buildSettings = {
				ASSETCATALOG_COMPILER_APPICON_NAME = AppIcon;
				CODE_SIGN_STYLE = Automatic;
				INFOPLIST_FILE = RNNR/Info.plist;
				LD_RUNPATH_SEARCH_PATHS = (
					"$(inherited)",
					"@executable_path/Frameworks",
				);
				PRODUCT_BUNDLE_IDENTIFIER = com.hialex.RNNR;
				PRODUCT_NAME = "$(TARGET_NAME)";
				SWIFT_VERSION = 4.2;
				TARGETED_DEVICE_FAMILY = 1;
			};
			name = Debug;
		};
		5F1EA291223E772800BFCF7E /* Release */ = {
			isa = XCBuildConfiguration;
			buildSettings = {
				ASSETCATALOG_COMPILER_APPICON_NAME = AppIcon;
				CODE_SIGN_STYLE = Automatic;
				INFOPLIST_FILE = RNNR/Info.plist;
				LD_RUNPATH_SEARCH_PATHS = (
					"$(inherited)",
					"@executable_path/Frameworks",
				);
				PRODUCT_BUNDLE_IDENTIFIER = com.hialex.RNNR;
				PRODUCT_NAME = "$(TARGET_NAME)";
				SWIFT_VERSION = 4.2;
				TARGETED_DEVICE_FAMILY = 1;
			};
			name = Release;
		};
/* End XCBuildConfiguration section */

/* Begin XCConfigurationList section */
		5F1EA275223E772700BFCF7E /* Build configuration list for PBXProject "RNNR" */ = {
			isa = XCConfigurationList;
			buildConfigurations = (
				5F1EA28D223E772800BFCF7E /* Debug */,
				5F1EA28E223E772800BFCF7E /* Release */,
			);
			defaultConfigurationIsVisible = 0;
			defaultConfigurationName = Release;
		};
		5F1EA28F223E772800BFCF7E /* Build configuration list for PBXNativeTarget "RNNR" */ = {
			isa = XCConfigurationList;
			buildConfigurations = (
				5F1EA290223E772800BFCF7E /* Debug */,
				5F1EA291223E772800BFCF7E /* Release */,
			);
			defaultConfigurationIsVisible = 0;
			defaultConfigurationName = Release;
		};
/* End XCConfigurationList section */

/* Begin XCVersionGroup section */
		5F1EA284223E772700BFCF7E /* RNNR.xcdatamodeld */ = {
			isa = XCVersionGroup;
			children = (
				5F1EA285223E772700BFCF7E /* RNNR.xcdatamodel */,
			);
			currentVersion = 5F1EA285223E772700BFCF7E /* RNNR.xcdatamodel */;
			path = RNNR.xcdatamodeld;
			sourceTree = "<group>";
			versionGroupType = wrapper.xcdatamodel;
		};
/* End XCVersionGroup section */
	};
	rootObject = 5F1EA272223E772700BFCF7E /* Project object */;
}
